
Microsoft Visual Studio Solution File, Format Version 12.00
# Visual Studio 15
VisualStudioVersion = 15.0.27428.2037
MinimumVisualStudioVersion = 10.0.40219.1
Project("{FAE04EC0-301F-11D3-BF4B-00C04F79EFBC}") = "MessageBroker.Channel.Store", "ChannelStore\MessageBroker.Channel.Store.csproj", "{FB54335C-E81E-4F5F-A9A2-3249A4F93298}"
EndProject
Project("{FAE04EC0-301F-11D3-BF4B-00C04F79EFBC}") = "MessageBroker.Channle.Adapter", "ChannleAdapter\MessageBroker.Channle.Adapter.csproj", "{33119D45-982E-4416-9E33-6231DEA6AAED}"
EndProject
Project("{FAE04EC0-301F-11D3-BF4B-00C04F79EFBC}") = "MessageBroker.Common", "Common\MessageBroker.Common.csproj", "{9F77C098-05C3-4DA4-9C82-4B6E7E3E3A84}"
EndProject
Project("{FAE04EC0-301F-11D3-BF4B-00C04F79EFBC}") = "MessageBroker.Channel.Managment", "ChannelManagment\MessageBroker.Channel.Managment.csproj", "{1BBD452E-B494-4DE3-A8B9-876E33202DB1}"
EndProject
Project("{9A19103F-16F7-4668-BE54-9A1E7A4F7556}") = "LoggingProvider.Generic", "LoggingProvider.Generic\LoggingProvider.Generic.csproj", "{5EA4A49D-3B44-40BC-AB81-5C18D172644F}"
EndProject
Project("{FAE04EC0-301F-11D3-BF4B-00C04F79EFBC}") = "MessageBroker.Test.E2E", "MessageBroker.Test.E2E\MessageBroker.Test.E2E.csproj", "{A93FECE1-C797-49A1-8EBD-C96C288BF9DE}"
EndProject
Project("{FAE04EC0-301F-11D3-BF4B-00C04F79EFBC}") = "MessageBroker.Test.Unit", "MessageBroker.Test.Unit\MessageBroker.Test.Unit.csproj", "{2845D1DC-BE66-4478-8D39-66BA07914753}"
EndProject
Global
	GlobalSection(SolutionConfigurationPlatforms) = preSolution
		Debug|Any CPU = Debug|Any CPU
		Debug|x64 = Debug|x64
		Release|Any CPU = Release|Any CPU
		Release|x64 = Release|x64
	EndGlobalSection
	GlobalSection(ProjectConfigurationPlatforms) = postSolution
		{FB54335C-E81E-4F5F-A9A2-3249A4F93298}.Debug|Any CPU.ActiveCfg = Debug|x64
		{FB54335C-E81E-4F5F-A9A2-3249A4F93298}.Debug|Any CPU.Build.0 = Debug|x64
		{FB54335C-E81E-4F5F-A9A2-3249A4F93298}.Debug|x64.ActiveCfg = Debug|x64
		{FB54335C-E81E-4F5F-A9A2-3249A4F93298}.Debug|x64.Build.0 = Debug|x64
		{FB54335C-E81E-4F5F-A9A2-3249A4F93298}.Release|Any CPU.ActiveCfg = Release|Any CPU
		{FB54335C-E81E-4F5F-A9A2-3249A4F93298}.Release|Any CPU.Build.0 = Release|Any CPU
		{FB54335C-E81E-4F5F-A9A2-3249A4F93298}.Release|x64.ActiveCfg = Debug|x64
		{FB54335C-E81E-4F5F-A9A2-3249A4F93298}.Release|x64.Build.0 = Debug|x64
		{33119D45-982E-4416-9E33-6231DEA6AAED}.Debug|Any CPU.ActiveCfg = Debug|x64
		{33119D45-982E-4416-9E33-6231DEA6AAED}.Debug|Any CPU.Build.0 = Debug|x64
		{33119D45-982E-4416-9E33-6231DEA6AAED}.Debug|x64.ActiveCfg = Debug|x64
		{33119D45-982E-4416-9E33-6231DEA6AAED}.Debug|x64.Build.0 = Debug|x64
		{33119D45-982E-4416-9E33-6231DEA6AAED}.Release|Any CPU.ActiveCfg = Release|Any CPU
		{33119D45-982E-4416-9E33-6231DEA6AAED}.Release|Any CPU.Build.0 = Release|Any CPU
		{33119D45-982E-4416-9E33-6231DEA6AAED}.Release|x64.ActiveCfg = Debug|x64
		{33119D45-982E-4416-9E33-6231DEA6AAED}.Release|x64.Build.0 = Debug|x64
		{9F77C098-05C3-4DA4-9C82-4B6E7E3E3A84}.Debug|Any CPU.ActiveCfg = Debug|x64
		{9F77C098-05C3-4DA4-9C82-4B6E7E3E3A84}.Debug|Any CPU.Build.0 = Debug|x64
		{9F77C098-05C3-4DA4-9C82-4B6E7E3E3A84}.Debug|x64.ActiveCfg = Debug|x64
		{9F77C098-05C3-4DA4-9C82-4B6E7E3E3A84}.Debug|x64.Build.0 = Debug|x64
		{9F77C098-05C3-4DA4-9C82-4B6E7E3E3A84}.Release|Any CPU.ActiveCfg = Release|Any CPU
		{9F77C098-05C3-4DA4-9C82-4B6E7E3E3A84}.Release|Any CPU.Build.0 = Release|Any CPU
		{9F77C098-05C3-4DA4-9C82-4B6E7E3E3A84}.Release|x64.ActiveCfg = Debug|x64
		{9F77C098-05C3-4DA4-9C82-4B6E7E3E3A84}.Release|x64.Build.0 = Debug|x64
		{1BBD452E-B494-4DE3-A8B9-876E33202DB1}.Debug|Any CPU.ActiveCfg = Debug|x64
		{1BBD452E-B494-4DE3-A8B9-876E33202DB1}.Debug|Any CPU.Build.0 = Debug|x64
		{1BBD452E-B494-4DE3-A8B9-876E33202DB1}.Debug|x64.ActiveCfg = Debug|x64
		{1BBD452E-B494-4DE3-A8B9-876E33202DB1}.Debug|x64.Build.0 = Debug|x64
		{1BBD452E-B494-4DE3-A8B9-876E33202DB1}.Release|Any CPU.ActiveCfg = Release|Any CPU
		{1BBD452E-B494-4DE3-A8B9-876E33202DB1}.Release|Any CPU.Build.0 = Release|Any CPU
		{1BBD452E-B494-4DE3-A8B9-876E33202DB1}.Release|x64.ActiveCfg = Debug|x64
		{1BBD452E-B494-4DE3-A8B9-876E33202DB1}.Release|x64.Build.0 = Debug|x64
		{5EA4A49D-3B44-40BC-AB81-5C18D172644F}.Debug|Any CPU.ActiveCfg = Debug|Any CPU
		{5EA4A49D-3B44-40BC-AB81-5C18D172644F}.Debug|Any CPU.Build.0 = Debug|Any CPU
		{5EA4A49D-3B44-40BC-AB81-5C18D172644F}.Debug|x64.ActiveCfg = Debug|Any CPU
		{5EA4A49D-3B44-40BC-AB81-5C18D172644F}.Debug|x64.Build.0 = Debug|Any CPU
		{5EA4A49D-3B44-40BC-AB81-5C18D172644F}.Release|Any CPU.ActiveCfg = Release|Any CPU
		{5EA4A49D-3B44-40BC-AB81-5C18D172644F}.Release|Any CPU.Build.0 = Release|Any CPU
		{5EA4A49D-3B44-40BC-AB81-5C18D172644F}.Release|x64.ActiveCfg = Release|Any CPU
		{5EA4A49D-3B44-40BC-AB81-5C18D172644F}.Release|x64.Build.0 = Release|Any CPU
		{A93FECE1-C797-49A1-8EBD-C96C288BF9DE}.Debug|Any CPU.ActiveCfg = Debug|Any CPU
		{A93FECE1-C797-49A1-8EBD-C96C288BF9DE}.Debug|Any CPU.Build.0 = Debug|Any CPU
		{A93FECE1-C797-49A1-8EBD-C96C288BF9DE}.Debug|x64.ActiveCfg = Debug|x64
		{A93FECE1-C797-49A1-8EBD-C96C288BF9DE}.Debug|x64.Build.0 = Debug|x64
		{A93FECE1-C797-49A1-8EBD-C96C288BF9DE}.Release|Any CPU.ActiveCfg = Release|Any CPU
		{A93FECE1-C797-49A1-8EBD-C96C288BF9DE}.Release|Any CPU.Build.0 = Release|Any CPU
		{A93FECE1-C797-49A1-8EBD-C96C288BF9DE}.Release|x64.ActiveCfg = Release|x64
		{A93FECE1-C797-49A1-8EBD-C96C288BF9DE}.Release|x64.Build.0 = Release|x64
		{2845D1DC-BE66-4478-8D39-66BA07914753}.Debug|Any CPU.ActiveCfg = Debug|Any CPU
		{2845D1DC-BE66-4478-8D39-66BA07914753}.Debug|Any CPU.Build.0 = Debug|Any CPU
		{2845D1DC-BE66-4478-8D39-66BA07914753}.Debug|x64.ActiveCfg = Debug|Any CPU
		{2845D1DC-BE66-4478-8D39-66BA07914753}.Debug|x64.Build.0 = Debug|Any CPU
		{2845D1DC-BE66-4478-8D39-66BA07914753}.Release|Any CPU.ActiveCfg = Release|Any CPU
		{2845D1DC-BE66-4478-8D39-66BA07914753}.Release|Any CPU.Build.0 = Release|Any CPU
		{2845D1DC-BE66-4478-8D39-66BA07914753}.Release|x64.ActiveCfg = Release|Any CPU
		{2845D1DC-BE66-4478-8D39-66BA07914753}.Release|x64.Build.0 = Release|Any CPU
	EndGlobalSection
	GlobalSection(SolutionProperties) = preSolution
		HideSolutionNode = FALSE
	EndGlobalSection
	GlobalSection(ExtensibilityGlobals) = postSolution
		SolutionGuid = {DFCB8936-DC57-41EA-8E0C-7D2658BF40BA}
	EndGlobalSection
EndGlobal
